
Microsoft Visual Studio Solution File, Format Version 12.00
# Visual Studio Version 17
VisualStudioVersion = 17.3.32901.215
MinimumVisualStudioVersion = 10.0.40219.1
Project("{FAE04EC0-301F-11D3-BF4B-00C04F79EFBC}") = "Mafia", "Mafia.csproj", "{5520F31D-0996-40AD-9795-43268AF827DB}"
EndProject
Global
	GlobalSection(SolutionConfigurationPlatforms) = preSolution
		Debug|Any CPU = Debug|Any CPU
		Release|Any CPU = Release|Any CPU
	EndGlobalSection
	GlobalSection(ProjectConfigurationPlatforms) = postSolution
		{5520F31D-0996-40AD-9795-43268AF827DB}.Debug|Any CPU.ActiveCfg = Debug|Any CPU
		{5520F31D-0996-40AD-9795-43268AF827DB}.Debug|Any CPU.Build.0 = Debug|Any CPU
		{5520F31D-0996-40AD-9795-43268AF827DB}.Release|Any CPU.ActiveCfg = Release|Any CPU
		{5520F31D-0996-40AD-9795-43268AF827DB}.Release|Any CPU.Build.0 = Release|Any CPU
	EndGlobalSection
	GlobalSection(SolutionProperties) = preSolution
		HideSolutionNode = FALSE
	EndGlobalSection
	GlobalSection(ExtensibilityGlobals) = postSolution
		SolutionGuid = {8AC3B3B2-82C2-4899-B690-B7F59596653B}
	EndGlobalSection
EndGlobal
